<?xml version="1.0" encoding="utf-8"?>
<Project ToolsVersion="4.0" xmlns="http://schemas.microsoft.com/developer/msbuild/2003">
	<ItemGroup>
		<Filter Include="src">
			<UniqueIdentifier>{57C242FA-4C1A-4243-9244-9F0101880F1F}</UniqueIdentifier>
		</Filter>
	</ItemGroup>
	<ItemGroup>
		<ClInclude Include="src\Camera.h">
			<Filter>src</Filter>
		</ClInclude>
		<ClInclude Include="src\Group.h">
			<Filter>src</Filter>
		</ClInclude>
		<ClInclude Include="src\Hit.h">
			<Filter>src</Filter>
		</ClInclude>
		<ClInclude Include="src\Image.h">
			<Filter>src</Filter>
		</ClInclude>
		<ClInclude Include="src\Light.h">
			<Filter>src</Filter>
		</ClInclude>
		<ClInclude Include="src\Material.h">
			<Filter>src</Filter>
		</ClInclude>
		<ClInclude Include="src\Object3D.h">
			<Filter>src</Filter>
		</ClInclude>
		<ClInclude Include="src\Plane.h">
			<Filter>src</Filter>
		</ClInclude>
		<ClInclude Include="src\Ray.h">
			<Filter>src</Filter>
		</ClInclude>
		<ClInclude Include="src\SceneParser.h">
			<Filter>src</Filter>
		</ClInclude>
		<ClInclude Include="src\Sphere.h">
			<Filter>src</Filter>
		</ClInclude>
		<ClInclude Include="src\Transform.h">
			<Filter>src</Filter>
		</ClInclude>
		<ClInclude Include="src\Triangle.h">
			<Filter>src</Filter>
		</ClInclude>
		<ClInclude Include="src\VecUtils.h">
			<Filter>src</Filter>
		</ClInclude>
	</ItemGroup>
	<ItemGroup>
		<ClCompile Include="src\Image.cpp">
			<Filter>src</Filter>
		</ClCompile>
		<ClCompile Include="src\main.cpp">
			<Filter>src</Filter>
		</ClCompile>
		<ClCompile Include="src\Mesh.cpp">
			<Filter>src</Filter>
		</ClCompile>
		<ClCompile Include="src\SceneParser.cpp">
			<Filter>src</Filter>
		</ClCompile>
		<ClCompile Include="src\texture.cpp">
			<Filter>src</Filter>
		</ClCompile>
	</ItemGroup>
</Project>
